PODS:
  - Flutter (1.0.0)
  - lz_logger (0.0.1):
    - Flutter

DEPENDENCIES:
  - Flutter (from `Flutter`)
  - lz_logger (from `.symlinks/plugins/lz_logger/ios`)

EXTERNAL SOURCES:
  Flutter:
    :path: Flutter
  lz_logger:
    :path: ".symlinks/plugins/lz_logger/ios"

SPEC CHECKSUMS:
  Flutter: cabc95a1d2626b1b06e7179b784ebcf0c0cde467
  lz_logger: a763727d31aff6658e42308d01174d1707229560

PODFILE CHECKSUM: 251cb053df7158f337c0712f2ab29f4e0fa474ce

COCOAPODS: 1.16.2
